{
  "version": 2,
  "dependencies": {
    "net10.0": {
      "Radzen.Blazor": {
        "type": "Direct",
        "requested": "[11.3.2, )",
        "resolved": "11.3.2",
        "contentHash": "QtTy0/MZ5QFt50yDprnP2sBzCZWbqXpcYrdTHyX/DzSuOpdPUVw5m/zWzp6ZAdbfaWIAXHJhv7M4pEFCzLideg=="
      }
    }
  }
}