{
  "version": 2,
  "dependencies": {
    "net10.0": {
      "Radzen.Blazor": {
        "type": "Direct",
        "requested": "[11.1.3, )",
        "resolved": "11.1.3",
        "contentHash": "giWJDRgZQx7zL8LcbXs2bnuVzP6XacmJAd0nYxdL9cy9CkJiseGqWKM4rmGiqiEtsQAKUmD2qOI6jwqXGl+cwQ=="
      }
    }
  }
}